
Microsoft Visual Studio Solution File, Format Version 12.00
# Visual Studio 2013
VisualStudioVersion = 12.0.31101.0
MinimumVisualStudioVersion = 10.0.40219.1
Project("{FAE04EC0-301F-11D3-BF4B-00C04F79EFBC}") = "RepositoriesParser", "RepositoriesParser\RepositoriesParser.csproj", "{56DAAEBC-2563-410A-A01B-B3F0642FAB4A}"
EndProject
Project("{FAE04EC0-301F-11D3-BF4B-00C04F79EFBC}") = "Program", "Program\Program.csproj", "{74E989E1-065F-445B-A96F-813A43D655DD}"
EndProject
Project("{FAE04EC0-301F-11D3-BF4B-00C04F79EFBC}") = "RepositoriesDownloader", "RepositoriesDownloader\RepositoriesDownloader.csproj", "{1CB08727-338A-477D-83E7-F85101A0F380}"
EndProject
Project("{FAE04EC0-301F-11D3-BF4B-00C04F79EFBC}") = "BitbucketDownloadService", "BitbucketDownloadService\BitbucketDownloadService.csproj", "{D9159C19-44D0-4584-B344-E81F30F64D8E}"
EndProject
Global
	GlobalSection(SolutionConfigurationPlatforms) = preSolution
		Debug|Any CPU = Debug|Any CPU
		Release|Any CPU = Release|Any CPU
	EndGlobalSection
	GlobalSection(ProjectConfigurationPlatforms) = postSolution
		{56DAAEBC-2563-410A-A01B-B3F0642FAB4A}.Debug|Any CPU.ActiveCfg = Debug|Any CPU
		{56DAAEBC-2563-410A-A01B-B3F0642FAB4A}.Debug|Any CPU.Build.0 = Debug|Any CPU
		{56DAAEBC-2563-410A-A01B-B3F0642FAB4A}.Release|Any CPU.ActiveCfg = Release|Any CPU
		{56DAAEBC-2563-410A-A01B-B3F0642FAB4A}.Release|Any CPU.Build.0 = Release|Any CPU
		{74E989E1-065F-445B-A96F-813A43D655DD}.Debug|Any CPU.ActiveCfg = Debug|Any CPU
		{74E989E1-065F-445B-A96F-813A43D655DD}.Debug|Any CPU.Build.0 = Debug|Any CPU
		{74E989E1-065F-445B-A96F-813A43D655DD}.Release|Any CPU.ActiveCfg = Release|Any CPU
		{74E989E1-065F-445B-A96F-813A43D655DD}.Release|Any CPU.Build.0 = Release|Any CPU
		{1CB08727-338A-477D-83E7-F85101A0F380}.Debug|Any CPU.ActiveCfg = Debug|Any CPU
		{1CB08727-338A-477D-83E7-F85101A0F380}.Debug|Any CPU.Build.0 = Debug|Any CPU
		{1CB08727-338A-477D-83E7-F85101A0F380}.Release|Any CPU.ActiveCfg = Release|Any CPU
		{1CB08727-338A-477D-83E7-F85101A0F380}.Release|Any CPU.Build.0 = Release|Any CPU
		{D9159C19-44D0-4584-B344-E81F30F64D8E}.Debug|Any CPU.ActiveCfg = Debug|Any CPU
		{D9159C19-44D0-4584-B344-E81F30F64D8E}.Debug|Any CPU.Build.0 = Debug|Any CPU
		{D9159C19-44D0-4584-B344-E81F30F64D8E}.Release|Any CPU.ActiveCfg = Release|Any CPU
		{D9159C19-44D0-4584-B344-E81F30F64D8E}.Release|Any CPU.Build.0 = Release|Any CPU
	EndGlobalSection
	GlobalSection(SolutionProperties) = preSolution
		HideSolutionNode = FALSE
	EndGlobalSection
EndGlobal
